
Microsoft Visual Studio Solution File, Format Version 12.00
# Visual Studio 2013
VisualStudioVersion = 12.0.40629.0
MinimumVisualStudioVersion = 10.0.40219.1
Project("{8BC9CEB8-8B4A-11D0-8D11-00A0C91BC942}") = "Server", "Server\Server.vcxproj", "{C1C3C1D7-757A-45AD-8458-FF8CCE8C11B4}"
EndProject
Project("{8BC9CEB8-8B4A-11D0-8D11-00A0C91BC942}") = "Client", "Client\Client.vcxproj", "{BA6B8470-7210-43EF-ACCD-8BAEE3532B22}"
EndProject
Global
	GlobalSection(SolutionConfigurationPlatforms) = preSolution
		Debug|Win32 = Debug|Win32
		Release|Win32 = Release|Win32
	EndGlobalSection
	GlobalSection(ProjectConfigurationPlatforms) = postSolution
		{C1C3C1D7-757A-45AD-8458-FF8CCE8C11B4}.Debug|Win32.ActiveCfg = Debug|Win32
		{C1C3C1D7-757A-45AD-8458-FF8CCE8C11B4}.Debug|Win32.Build.0 = Debug|Win32
		{C1C3C1D7-757A-45AD-8458-FF8CCE8C11B4}.Release|Win32.ActiveCfg = Release|Win32
		{C1C3C1D7-757A-45AD-8458-FF8CCE8C11B4}.Release|Win32.Build.0 = Release|Win32
		{BA6B8470-7210-43EF-ACCD-8BAEE3532B22}.Debug|Win32.ActiveCfg = Debug|Win32
		{BA6B8470-7210-43EF-ACCD-8BAEE3532B22}.Debug|Win32.Build.0 = Debug|Win32
		{BA6B8470-7210-43EF-ACCD-8BAEE3532B22}.Release|Win32.ActiveCfg = Release|Win32
		{BA6B8470-7210-43EF-ACCD-8BAEE3532B22}.Release|Win32.Build.0 = Release|Win32
	EndGlobalSection
	GlobalSection(SolutionProperties) = preSolution
		HideSolutionNode = FALSE
	EndGlobalSection
EndGlobal
